PODS:
  - GHWAttributeLib (0.1.0):
    - GHWPodDemo
  - GHWPodDemo (0.1.0)
  - Masonry (1.1.0)

DEPENDENCIES:
  - GHWAttributeLib (from `localPods/GHWAttributeLib/`)
  - GHWPodDemo (from `localPods/GHWPodDemo/`)
  - Masonry (~> 1.1.0)

SPEC REPOS:
  https://github.com/cocoapods/specs.git:
    - Masonry

EXTERNAL SOURCES:
  GHWAttributeLib:
    :path: localPods/GHWAttributeLib/
  GHWPodDemo:
    :path: localPods/GHWPodDemo/

SPEC CHECKSUMS:
  GHWAttributeLib: 8fc80eecdca9e22dfd64553926db0f0c32fc2197
  GHWPodDemo: d46d130785122ffb5fa38c783eb2b1f68dd3768a
  Masonry: 678fab65091a9290e40e2832a55e7ab731aad201

PODFILE CHECKSUM: baad3234e1efc6919fd05afff9887aa84ce5f442

COCOAPODS: 1.7.2
